<?xml version="1.0" encoding="UTF-8" standalone="yes" ?>
<CodeBlocks_project_file>
	<FileVersion major="1" minor="6" />
	<Project>
		<Option title="Tetris" />
		<Option pch_mode="2" />
		<Option compiler="gcc" />
		<Build>
			<Target title="Debug">
				<Option output="bin\Debug\Tetris" prefix_auto="1" extension_auto="1" />
				<Option object_output="obj\Debug\" />
				<Option type="1" />
				<Option compiler="gcc" />
				<Compiler>
					<Add option="-g" />
				</Compiler>
			</Target>
			<Target title="Release">
				<Option output="bin\Release\Tetris" prefix_auto="1" extension_auto="1" />
				<Option object_output="obj\Release\" />
				<Option type="1" />
				<Option compiler="gcc" />
				<Compiler>
					<Add option="-O2" />
				</Compiler>
				<Linker>
					<Add option="-s" />
				</Linker>
			</Target>
		</Build>
		<Compiler>
			<Add option="-Wall" />
			<Add directory="..\..\..\Program Files (x86)\allegro-5.0.8-mingw-4.5.2" />
			<Add directory="..\..\..\Program Files (x86)\MinGW" />
			<Add directory="..\..\..\Program Files (x86)\allegro-5.0.8-mingw-4.5.2\include" />
			<Add directory="..\..\..\Program Files (x86)\allegro-5.0.8-mingw-4.5.2\include\allegro5" />
		</Compiler>
		<Linker>
			<Add option="-lgcc_eh" />
			<Add option="-static-libgcc" />
			<Add option="-static-libstdc++" />
			<Add library="C:\Program Files (x86)\allegro-5.0.8-mingw-4.5.2\lib2\liballegro-5.0.8-static-mt.a" />
			<Add library="C:\Program Files (x86)\allegro-5.0.8-mingw-4.5.2\lib2\liballegro_acodec-5.0.8-static-mt.a" />
			<Add library="C:\Program Files (x86)\allegro-5.0.8-mingw-4.5.2\lib2\liballegro_audio-5.0.8-static-mt.a" />
			<Add library="C:\Program Files (x86)\allegro-5.0.8-mingw-4.5.2\lib2\liballegro_color-5.0.8-static-mt.a" />
			<Add library="C:\Program Files (x86)\allegro-5.0.8-mingw-4.5.2\lib2\liballegro_dialog-5.0.8-static-mt.a" />
			<Add library="C:\Program Files (x86)\allegro-5.0.8-mingw-4.5.2\lib2\liballegro_font-5.0.8-static-mt.a" />
			<Add library="C:\Program Files (x86)\allegro-5.0.8-mingw-4.5.2\lib2\liballegro_image-5.0.8-static-mt.a" />
			<Add library="C:\Program Files (x86)\allegro-5.0.8-mingw-4.5.2\lib2\liballegro_memfile-5.0.8-static-mt.a" />
			<Add library="C:\Program Files (x86)\allegro-5.0.8-mingw-4.5.2\lib2\liballegro_physfs-5.0.8-static-mt.a" />
			<Add library="C:\Program Files (x86)\allegro-5.0.8-mingw-4.5.2\lib2\liballegro_primitives-5.0.8-static-mt.a" />
			<Add library="C:\Program Files (x86)\allegro-5.0.8-mingw-4.5.2\lib2\liballegro_ttf-5.0.8-static-mt.a" />
			<Add library="C:\Program Files (x86)\allegro-5.0.8-mingw-4.5.2\lib2\libdumb-0.9.3-static-mt.a" />
			<Add library="C:\Program Files (x86)\allegro-5.0.8-mingw-4.5.2\lib2\libFLAC-1.2.1-static-mt.a" />
			<Add library="C:\Program Files (x86)\allegro-5.0.8-mingw-4.5.2\lib2\libogg-1.2.1-static-mt.a" />
			<Add library="C:\Program Files (x86)\allegro-5.0.8-mingw-4.5.2\lib2\libvorbis-1.3.2-static-mt.a" />
			<Add library="C:\Program Files (x86)\allegro-5.0.8-mingw-4.5.2\lib2\libvorbisfile-1.3.2-static-mt.a" />
			<Add library="C:\Program Files (x86)\allegro-5.0.8-mingw-4.5.2\lib2\libzlib-1.2.5-static-mt.a" />
			<Add library="C:\Program Files (x86)\allegro-5.0.8-mingw-4.5.2\lib2\libfreetype-2.4.8-static-mt.a" />
			<Add library="C:\Program Files (x86)\MinGW\lib\libgdiplus.a" />
			<Add library="C:\Program Files (x86)\MinGW\lib\libuuid.a" />
			<Add library="C:\Program Files (x86)\MinGW\lib\libkernel32.a" />
			<Add library="C:\Program Files (x86)\MinGW\lib\libwinmm.a" />
			<Add library="C:\Program Files (x86)\MinGW\lib\libpsapi.a" />
			<Add library="C:\Program Files (x86)\MinGW\lib\libopengl32.a" />
			<Add library="C:\Program Files (x86)\MinGW\lib\libglu32.a" />
			<Add library="C:\Program Files (x86)\MinGW\lib\libuser32.a" />
			<Add library="C:\Program Files (x86)\MinGW\lib\libcomdlg32.a" />
			<Add library="C:\Program Files (x86)\MinGW\lib\libgdi32.a" />
			<Add library="C:\Program Files (x86)\MinGW\lib\libshell32.a" />
			<Add library="C:\Program Files (x86)\MinGW\lib\libole32.a" />
			<Add library="C:\Program Files (x86)\MinGW\lib\libadvapi32.a" />
			<Add library="C:\Program Files (x86)\MinGW\lib\libws2_32.a" />
			<Add library="C:\Program Files (x86)\MinGW\lib\libshlwapi.a" />
		</Linker>
		<Unit filename="Tetris.cpp" />
		<Extensions>
			<code_completion />
			<debugger />
			<lib_finder disable_auto="1" />
		</Extensions>
	</Project>
</CodeBlocks_project_file>
